
Microsoft Visual Studio Solution File, Format Version 12.00
# Visual Studio Version 17
VisualStudioVersion = 17.3.32922.545
MinimumVisualStudioVersion = 10.0.40219.1
Project("{FAE04EC0-301F-11D3-BF4B-00C04F79EFBC}") = "Maris_Patricia_Lab2", "Maris_Patricia_Lab2\Maris_Patricia_Lab2.csproj", "{8EEBC02C-96C3-4CF4-89E7-D8D642A48363}"
EndProject
Global
	GlobalSection(SolutionConfigurationPlatforms) = preSolution
		Debug|Any CPU = Debug|Any CPU
		Release|Any CPU = Release|Any CPU
	EndGlobalSection
	GlobalSection(ProjectConfigurationPlatforms) = postSolution
		{8EEBC02C-96C3-4CF4-89E7-D8D642A48363}.Debug|Any CPU.ActiveCfg = Debug|Any CPU
		{8EEBC02C-96C3-4CF4-89E7-D8D642A48363}.Debug|Any CPU.Build.0 = Debug|Any CPU
		{8EEBC02C-96C3-4CF4-89E7-D8D642A48363}.Release|Any CPU.ActiveCfg = Release|Any CPU
		{8EEBC02C-96C3-4CF4-89E7-D8D642A48363}.Release|Any CPU.Build.0 = Release|Any CPU
	EndGlobalSection
	GlobalSection(SolutionProperties) = preSolution
		HideSolutionNode = FALSE
	EndGlobalSection
	GlobalSection(ExtensibilityGlobals) = postSolution
		SolutionGuid = {A9D5E0EB-9851-4F79-BBB7-D9D3747CB920}
	EndGlobalSection
EndGlobal
